// !$*UTF8*$!
{
	archiveVersion = 1;
	classes = {
	};
	objectVersion = 56;
	objects = {

/* Begin PBXBuildFile section */
		8085A3472A460F3F00CCA9D8 /* KWKApp.swift in Sources */ = {isa = PBXBuildFile; fileRef = 8085A3462A460F3F00CCA9D8 /* KWKApp.swift */; };
		8085A3492A460F3F00CCA9D8 /* ContentView.swift in Sources */ = {isa = PBXBuildFile; fileRef = 8085A3482A460F3F00CCA9D8 /* ContentView.swift */; };
		8085A34B2A460F4100CCA9D8 /* Assets.xcassets in Resources */ = {isa = PBXBuildFile; fileRef = 8085A34A2A460F4100CCA9D8 /* Assets.xcassets */; };
		8085A34E2A460F4100CCA9D8 /* Preview Assets.xcassets in Resources */ = {isa = PBXBuildFile; fileRef = 8085A34D2A460F4100CCA9D8 /* Preview Assets.xcassets */; };
		8085A3582A460F4100CCA9D8 /* KWKTests.swift in Sources */ = {isa = PBXBuildFile; fileRef = 8085A3572A460F4100CCA9D8 /* KWKTests.swift */; };
		8085A3622A460F4100CCA9D8 /* KWKUITests.swift in Sources */ = {isa = PBXBuildFile; fileRef = 8085A3612A460F4100CCA9D8 /* KWKUITests.swift */; };
		8085A3642A460F4100CCA9D8 /* KWKUITestsLaunchTests.swift in Sources */ = {isa = PBXBuildFile; fileRef = 8085A3632A460F4100CCA9D8 /* KWKUITestsLaunchTests.swift */; };
/* End PBXBuildFile section */

/* Begin PBXContainerItemProxy section */
		8085A3542A460F4100CCA9D8 /* PBXContainerItemProxy */ = {
			isa = PBXContainerItemProxy;
			containerPortal = 8085A33B2A460F3F00CCA9D8 /* Project object */;
			proxyType = 1;
			remoteGlobalIDString = 8085A3422A460F3F00CCA9D8;
			remoteInfo = KWK;
		};
		8085A35E2A460F4100CCA9D8 /* PBXContainerItemProxy */ = {
			isa = PBXContainerItemProxy;
			containerPortal = 8085A33B2A460F3F00CCA9D8 /* Project object */;
			proxyType = 1;
			remoteGlobalIDString = 8085A3422A460F3F00CCA9D8;
			remoteInfo = KWK;
		};
/* End PBXContainerItemProxy section */

/* Begin PBXFileReference section */
		8085A3432A460F3F00CCA9D8 /* KWK.app */ = {isa = PBXFileReference; explicitFileType = wrapper.application; includeInIndex = 0; path = KWK.app; sourceTree = BUILT_PRODUCTS_DIR; };
		8085A3462A460F3F00CCA9D8 /* KWKApp.swift */ = {isa = PBXFileReference; lastKnownFileType = sourcecode.swift; path = KWKApp.swift; sourceTree = "<group>"; };
		8085A3482A460F3F00CCA9D8 /* ContentView.swift */ = {isa = PBXFileReference; lastKnownFileType = sourcecode.swift; path = ContentView.swift; sourceTree = "<group>"; };
		8085A34A2A460F4100CCA9D8 /* Assets.xcassets */ = {isa = PBXFileReference; lastKnownFileType = folder.assetcatalog; path = Assets.xcassets; sourceTree = "<group>"; };
		8085A34D2A460F4100CCA9D8 /* Preview Assets.xcassets */ = {isa = PBXFileReference; lastKnownFileType = folder.assetcatalog; path = "Preview Assets.xcassets"; sourceTree = "<group>"; };
		8085A3532A460F4100CCA9D8 /* KWKTests.xctest */ = {isa = PBXFileReference; explicitFileType = wrapper.cfbundle; includeInIndex = 0; path = KWKTests.xctest; sourceTree = BUILT_PRODUCTS_DIR; };
		8085A3572A460F4100CCA9D8 /* KWKTests.swift */ = {isa = PBXFileReference; lastKnownFileType = sourcecode.swift; path = KWKTests.swift; sourceTree = "<group>"; };
		8085A35D2A460F4100CCA9D8 /* KWKUITests.xctest */ = {isa = PBXFileReference; explicitFileType = wrapper.cfbundle; includeInIndex = 0; path = KWKUITests.xctest; sourceTree = BUILT_PRODUCTS_DIR; };
		8085A3612A460F4100CCA9D8 /* KWKUITests.swift */ = {isa = PBXFileReference; lastKnownFileType = sourcecode.swift; path = KWKUITests.swift; sourceTree = "<group>"; };
		8085A3632A460F4100CCA9D8 /* KWKUITestsLaunchTests.swift */ = {isa = PBXFileReference; lastKnownFileType = sourcecode.swift; path = KWKUITestsLaunchTests.swift; sourceTree = "<group>"; };
/* End PBXFileReference section */

/* Begin PBXFrameworksBuildPhase section */
		8085A3402A460F3F00CCA9D8 /* Frameworks */ = {
			isa = PBXFrameworksBuildPhase;
			buildActionMask = 2147483647;
			files = (
			);
			runOnlyForDeploymentPostprocessing = 0;
		};
		8085A3502A460F4100CCA9D8 /* Frameworks */ = {
			isa = PBXFrameworksBuildPhase;
			buildActionMask = 2147483647;
			files = (
			);
			runOnlyForDeploymentPostprocessing = 0;
		};
		8085A35A2A460F4100CCA9D8 /* Frameworks */ = {
			isa = PBXFrameworksBuildPhase;
			buildActionMask = 2147483647;
			files = (
			);
			runOnlyForDeploymentPostprocessing = 0;
		};
/* End PBXFrameworksBuildPhase section */

/* Begin PBXGroup section */
		8085A33A2A460F3F00CCA9D8 = {
			isa = PBXGroup;
			children = (
				8085A3452A460F3F00CCA9D8 /* KWK */,
				8085A3562A460F4100CCA9D8 /* KWKTests */,
				8085A3602A460F4100CCA9D8 /* KWKUITests */,
				8085A3442A460F3F00CCA9D8 /* Products */,
			);
			sourceTree = "<group>";
		};
		8085A3442A460F3F00CCA9D8 /* Products */ = {
			isa = PBXGroup;
			children = (
				8085A3432A460F3F00CCA9D8 /* KWK.app */,
				8085A3532A460F4100CCA9D8 /* KWKTests.xctest */,
				8085A35D2A460F4100CCA9D8 /* KWKUITests.xctest */,
			);
			name = Products;
			sourceTree = "<group>";
		};
		8085A3452A460F3F00CCA9D8 /* KWK */ = {
			isa = PBXGroup;
			children = (
				8085A3462A460F3F00CCA9D8 /* KWKApp.swift */,
				8085A3482A460F3F00CCA9D8 /* ContentView.swift */,
				8085A34A2A460F4100CCA9D8 /* Assets.xcassets */,
				8085A34C2A460F4100CCA9D8 /* Preview Content */,
			);
			path = KWK;
			sourceTree = "<group>";
		};
		8085A34C2A460F4100CCA9D8 /* Preview Content */ = {
			isa = PBXGroup;
			children = (
				8085A34D2A460F4100CCA9D8 /* Preview Assets.xcassets */,
			);
			path = "Preview Content";
			sourceTree = "<group>";
		};
		8085A3562A460F4100CCA9D8 /* KWKTests */ = {
			isa = PBXGroup;
			children = (
				8085A3572A460F4100CCA9D8 /* KWKTests.swift */,
			);
			path = KWKTests;
			sourceTree = "<group>";
		};
		8085A3602A460F4100CCA9D8 /* KWKUITests */ = {
			isa = PBXGroup;
			children = (
				8085A3612A460F4100CCA9D8 /* KWKUITests.swift */,
				8085A3632A460F4100CCA9D8 /* KWKUITestsLaunchTests.swift */,
			);
			path = KWKUITests;
			sourceTree = "<group>";
		};
/* End PBXGroup section */

/* Begin PBXNativeTarget section */
		8085A3422A460F3F00CCA9D8 /* KWK */ = {
			isa = PBXNativeTarget;
			buildConfigurationList = 8085A3672A460F4100CCA9D8 /* Build configuration list for PBXNativeTarget "KWK" */;
			buildPhases = (
				8085A33F2A460F3F00CCA9D8 /* Sources */,
				8085A3402A460F3F00CCA9D8 /* Frameworks */,
				8085A3412A460F3F00CCA9D8 /* Resources */,
			);
			buildRules = (
			);
			dependencies = (
			);
			name = KWK;
			productName = KWK;
			productReference = 8085A3432A460F3F00CCA9D8 /* KWK.app */;
			productType = "com.apple.product-type.application";
		};
		8085A3522A460F4100CCA9D8 /* KWKTests */ = {
			isa = PBXNativeTarget;
			buildConfigurationList = 8085A36A2A460F4100CCA9D8 /* Build configuration list for PBXNativeTarget "KWKTests" */;
			buildPhases = (
				8085A34F2A460F4100CCA9D8 /* Sources */,
				8085A3502A460F4100CCA9D8 /* Frameworks */,
				8085A3512A460F4100CCA9D8 /* Resources */,
			);
			buildRules = (
			);
			dependencies = (
				8085A3552A460F4100CCA9D8 /* PBXTargetDependency */,
			);
			name = KWKTests;
			productName = KWKTests;
			productReference = 8085A3532A460F4100CCA9D8 /* KWKTests.xctest */;
			productType = "com.apple.product-type.bundle.unit-test";
		};
		8085A35C2A460F4100CCA9D8 /* KWKUITests */ = {
			isa = PBXNativeTarget;
			buildConfigurationList = 8085A36D2A460F4100CCA9D8 /* Build configuration list for PBXNativeTarget "KWKUITests" */;
			buildPhases = (
				8085A3592A460F4100CCA9D8 /* Sources */,
				8085A35A2A460F4100CCA9D8 /* Frameworks */,
				8085A35B2A460F4100CCA9D8 /* Resources */,
			);
			buildRules = (
			);
			dependencies = (
				8085A35F2A460F4100CCA9D8 /* PBXTargetDependency */,
			);
			name = KWKUITests;
			productName = KWKUITests;
			productReference = 8085A35D2A460F4100CCA9D8 /* KWKUITests.xctest */;
			productType = "com.apple.product-type.bundle.ui-testing";
		};
/* End PBXNativeTarget section */

/* Begin PBXProject section */
		8085A33B2A460F3F00CCA9D8 /* Project object */ = {
			isa = PBXProject;
			attributes = {
				BuildIndependentTargetsInParallel = 1;
				LastSwiftUpdateCheck = 1420;
				LastUpgradeCheck = 1420;
				TargetAttributes = {
					8085A3422A460F3F00CCA9D8 = {
						CreatedOnToolsVersion = 14.2;
					};
					8085A3522A460F4100CCA9D8 = {
						CreatedOnToolsVersion = 14.2;
						TestTargetID = 8085A3422A460F3F00CCA9D8;
					};
					8085A35C2A460F4100CCA9D8 = {
						CreatedOnToolsVersion = 14.2;
						TestTargetID = 8085A3422A460F3F00CCA9D8;
					};
				};
			};
			buildConfigurationList = 8085A33E2A460F3F00CCA9D8 /* Build configuration list for PBXProject "KWK" */;
			compatibilityVersion = "Xcode 14.0";
			developmentRegion = en;
			hasScannedForEncodings = 0;
			knownRegions = (
				en,
				Base,
			);
			mainGroup = 8085A33A2A460F3F00CCA9D8;
			productRefGroup = 8085A3442A460F3F00CCA9D8 /* Products */;
			projectDirPath = "";
			projectRoot = "";
			targets = (
				8085A3422A460F3F00CCA9D8 /* KWK */,
				8085A3522A460F4100CCA9D8 /* KWKTests */,
				8085A35C2A460F4100CCA9D8 /* KWKUITests */,
			);
		};
/* End PBXProject section */

/* Begin PBXResourcesBuildPhase section */
		8085A3412A460F3F00CCA9D8 /* Resources */ = {
			isa = PBXResourcesBuildPhase;
			buildActionMask = 2147483647;
			files = (
				8085A34E2A460F4100CCA9D8 /* Preview Assets.xcassets in Resources */,
				8085A34B2A460F4100CCA9D8 /* Assets.xcassets in Resources */,
			);
			runOnlyForDeploymentPostprocessing = 0;
		};
		8085A3512A460F4100CCA9D8 /* Resources */ = {
			isa = PBXResourcesBuildPhase;
			buildActionMask = 2147483647;
			files = (
			);
			runOnlyForDeploymentPostprocessing = 0;
		};
		8085A35B2A460F4100CCA9D8 /* Resources */ = {
			isa = PBXResourcesBuildPhase;
			buildActionMask = 2147483647;
			files = (
			);
			runOnlyForDeploymentPostprocessing = 0;
		};
/* End PBXResourcesBuildPhase section */

/* Begin PBXSourcesBuildPhase section */
		8085A33F2A460F3F00CCA9D8 /* Sources */ = {
			isa = PBXSourcesBuildPhase;
			buildActionMask = 2147483647;
			files = (
				8085A3492A460F3F00CCA9D8 /* ContentView.swift in Sources */,
				8085A3472A460F3F00CCA9D8 /* KWKApp.swift in Sources */,
			);
			runOnlyForDeploymentPostprocessing = 0;
		};
		8085A34F2A460F4100CCA9D8 /* Sources */ = {
			isa = PBXSourcesBuildPhase;
			buildActionMask = 2147483647;
			files = (
				8085A3582A460F4100CCA9D8 /* KWKTests.swift in Sources */,
			);
			runOnlyForDeploymentPostprocessing = 0;
		};
		8085A3592A460F4100CCA9D8 /* Sources */ = {
			isa = PBXSourcesBuildPhase;
			buildActionMask = 2147483647;
			files = (
				8085A3642A460F4100CCA9D8 /* KWKUITestsLaunchTests.swift in Sources */,
				8085A3622A460F4100CCA9D8 /* KWKUITests.swift in Sources */,
			);
			runOnlyForDeploymentPostprocessing = 0;
		};
/* End PBXSourcesBuildPhase section */

/* Begin PBXTargetDependency section */
		8085A3552A460F4100CCA9D8 /* PBXTargetDependency */ = {
			isa = PBXTargetDependency;
			target = 8085A3422A460F3F00CCA9D8 /* KWK */;
			targetProxy = 8085A3542A460F4100CCA9D8 /* PBXContainerItemProxy */;
		};
		8085A35F2A460F4100CCA9D8 /* PBXTargetDependency */ = {
			isa = PBXTargetDependency;
			target = 8085A3422A460F3F00CCA9D8 /* KWK */;
			targetProxy = 8085A35E2A460F4100CCA9D8 /* PBXContainerItemProxy */;
		};
/* End PBXTargetDependency section */

/* Begin XCBuildConfiguration section */
		8085A3652A460F4100CCA9D8 /* Debug */ = {
			isa = XCBuildConfiguration;
			buildSettings = {
				ALWAYS_SEARCH_USER_PATHS = NO;
				CLANG_ANALYZER_NONNULL = YES;
				CLANG_ANALYZER_NUMBER_OBJECT_CONVERSION = YES_AGGRESSIVE;
				CLANG_CXX_LANGUAGE_STANDARD = "gnu++20";
				CLANG_ENABLE_MODULES = YES;
				CLANG_ENABLE_OBJC_ARC = YES;
				CLANG_ENABLE_OBJC_WEAK = YES;
				CLANG_WARN_BLOCK_CAPTURE_AUTORELEASING = YES;
				CLANG_WARN_BOOL_CONVERSION = YES;
				CLANG_WARN_COMMA = YES;
				CLANG_WARN_CONSTANT_CONVERSION = YES;
				CLANG_WARN_DEPRECATED_OBJC_IMPLEMENTATIONS = YES;
				CLANG_WARN_DIRECT_OBJC_ISA_USAGE = YES_ERROR;
				CLANG_WARN_DOCUMENTATION_COMMENTS = YES;
				CLANG_WARN_EMPTY_BODY = YES;
				CLANG_WARN_ENUM_CONVERSION = YES;
				CLANG_WARN_INFINITE_RECURSION = YES;
				CLANG_WARN_INT_CONVERSION = YES;
				CLANG_WARN_NON_LITERAL_NULL_CONVERSION = YES;
				CLANG_WARN_OBJC_IMPLICIT_RETAIN_SELF = YES;
				CLANG_WARN_OBJC_LITERAL_CONVERSION = YES;
				CLANG_WARN_OBJC_ROOT_CLASS = YES_ERROR;
				CLANG_WARN_QUOTED_INCLUDE_IN_FRAMEWORK_HEADER = YES;
				CLANG_WARN_RANGE_LOOP_ANALYSIS = YES;
				CLANG_WARN_STRICT_PROTOTYPES = YES;
				CLANG_WARN_SUSPICIOUS_MOVE = YES;
				CLANG_WARN_UNGUARDED_AVAILABILITY = YES_AGGRESSIVE;
				CLANG_WARN_UNREACHABLE_CODE = YES;
				CLANG_WARN__DUPLICATE_METHOD_MATCH = YES;
				COPY_PHASE_STRIP = NO;
				DEBUG_INFORMATION_FORMAT = dwarf;
				ENABLE_STRICT_OBJC_MSGSEND = YES;
				ENABLE_TESTABILITY = YES;
				GCC_C_LANGUAGE_STANDARD = gnu11;
				GCC_DYNAMIC_NO_PIC = NO;
				GCC_NO_COMMON_BLOCKS = YES;
				GCC_OPTIMIZATION_LEVEL = 0;
				GCC_PREPROCESSOR_DEFINITIONS = (
					"DEBUG=1",
					"$(inherited)",
				);
				GCC_WARN_64_TO_32_BIT_CONVERSION = YES;
				GCC_WARN_ABOUT_RETURN_TYPE = YES_ERROR;
				GCC_WARN_UNDECLARED_SELECTOR = YES;
				GCC_WARN_UNINITIALIZED_AUTOS = YES_AGGRESSIVE;
				GCC_WARN_UNUSED_FUNCTION = YES;
				GCC_WARN_UNUSED_VARIABLE = YES;
				IPHONEOS_DEPLOYMENT_TARGET = 16.2;
				MTL_ENABLE_DEBUG_INFO = INCLUDE_SOURCE;
				MTL_FAST_MATH = YES;
				ONLY_ACTIVE_ARCH = YES;
				SDKROOT = iphoneos;
				SWIFT_ACTIVE_COMPILATION_CONDITIONS = DEBUG;
				SWIFT_OPTIMIZATION_LEVEL = "-Onone";
			};
			name = Debug;
		};
		8085A3662A460F4100CCA9D8 /* Release */ = {
			isa = XCBuildConfiguration;
			buildSettings = {
				ALWAYS_SEARCH_USER_PATHS = NO;
				CLANG_ANALYZER_NONNULL = YES;
				CLANG_ANALYZER_NUMBER_OBJECT_CONVERSION = YES_AGGRESSIVE;
				CLANG_CXX_LANGUAGE_STANDARD = "gnu++20";
				CLANG_ENABLE_MODULES = YES;
				CLANG_ENABLE_OBJC_ARC = YES;
				CLANG_ENABLE_OBJC_WEAK = YES;
				CLANG_WARN_BLOCK_CAPTURE_AUTORELEASING = YES;
				CLANG_WARN_BOOL_CONVERSION = YES;
				CLANG_WARN_COMMA = YES;
				CLANG_WARN_CONSTANT_CONVERSION = YES;
				CLANG_WARN_DEPRECATED_OBJC_IMPLEMENTATIONS = YES;
				CLANG_WARN_DIRECT_OBJC_ISA_USAGE = YES_ERROR;
				CLANG_WARN_DOCUMENTATION_COMMENTS = YES;
				CLANG_WARN_EMPTY_BODY = YES;
				CLANG_WARN_ENUM_CONVERSION = YES;
				CLANG_WARN_INFINITE_RECURSION = YES;
				CLANG_WARN_INT_CONVERSION = YES;
				CLANG_WARN_NON_LITERAL_NULL_CONVERSION = YES;
				CLANG_WARN_OBJC_IMPLICIT_RETAIN_SELF = YES;
				CLANG_WARN_OBJC_LITERAL_CONVERSION = YES;
				CLANG_WARN_OBJC_ROOT_CLASS = YES_ERROR;
				CLANG_WARN_QUOTED_INCLUDE_IN_FRAMEWORK_HEADER = YES;
				CLANG_WARN_RANGE_LOOP_ANALYSIS = YES;
				CLANG_WARN_STRICT_PROTOTYPES = YES;
				CLANG_WARN_SUSPICIOUS_MOVE = YES;
				CLANG_WARN_UNGUARDED_AVAILABILITY = YES_AGGRESSIVE;
				CLANG_WARN_UNREACHABLE_CODE = YES;
				CLANG_WARN__DUPLICATE_METHOD_MATCH = YES;
				COPY_PHASE_STRIP = NO;
				DEBUG_INFORMATION_FORMAT = "dwarf-with-dsym";
				ENABLE_NS_ASSERTIONS = NO;
				ENABLE_STRICT_OBJC_MSGSEND = YES;
				GCC_C_LANGUAGE_STANDARD = gnu11;
				GCC_NO_COMMON_BLOCKS = YES;
				GCC_WARN_64_TO_32_BIT_CONVERSION = YES;
				GCC_WARN_ABOUT_RETURN_TYPE = YES_ERROR;
				GCC_WARN_UNDECLARED_SELECTOR = YES;
				GCC_WARN_UNINITIALIZED_AUTOS = YES_AGGRESSIVE;
				GCC_WARN_UNUSED_FUNCTION = YES;
				GCC_WARN_UNUSED_VARIABLE = YES;
				IPHONEOS_DEPLOYMENT_TARGET = 16.2;
				MTL_ENABLE_DEBUG_INFO = NO;
				MTL_FAST_MATH = YES;
				SDKROOT = iphoneos;
				SWIFT_COMPILATION_MODE = wholemodule;
				SWIFT_OPTIMIZATION_LEVEL = "-O";
				VALIDATE_PRODUCT = YES;
			};
			name = Release;
		};
		8085A3682A460F4100CCA9D8 /* Debug */ = {
			isa = XCBuildConfiguration;
			buildSettings = {
				ASSETCATALOG_COMPILER_APPICON_NAME = AppIcon;
				ASSETCATALOG_COMPILER_GLOBAL_ACCENT_COLOR_NAME = AccentColor;
				CODE_SIGN_STYLE = Automatic;
				CURRENT_PROJECT_VERSION = 1;
				DEVELOPMENT_ASSET_PATHS = "\"KWK/Preview Content\"";
				ENABLE_PREVIEWS = YES;
				GENERATE_INFOPLIST_FILE = YES;
				INFOPLIST_KEY_UIApplicationSceneManifest_Generation = YES;
				INFOPLIST_KEY_UIApplicationSupportsIndirectInputEvents = YES;
				INFOPLIST_KEY_UILaunchScreen_Generation = YES;
				INFOPLIST_KEY_UISupportedInterfaceOrientations_iPad = "UIInterfaceOrientationPortrait UIInterfaceOrientationPortraitUpsideDown UIInterfaceOrientationLandscapeLeft UIInterfaceOrientationLandscapeRight";
				INFOPLIST_KEY_UISupportedInterfaceOrientations_iPhone = "UIInterfaceOrientationPortrait UIInterfaceOrientationLandscapeLeft UIInterfaceOrientationLandscapeRight";
				LD_RUNPATH_SEARCH_PATHS = (
					"$(inherited)",
					"@executable_path/Frameworks",
				);
				MARKETING_VERSION = 1.0;
				PRODUCT_BUNDLE_IDENTIFIER = KWK.KWK;
				PRODUCT_NAME = "$(TARGET_NAME)";
				SWIFT_EMIT_LOC_STRINGS = YES;
				SWIFT_VERSION = 5.0;
				TARGETED_DEVICE_FAMILY = "1,2";
			};
			name = Debug;
		};
		8085A3692A460F4100CCA9D8 /* Release */ = {
			isa = XCBuildConfiguration;
			buildSettings = {
				ASSETCATALOG_COMPILER_APPICON_NAME = AppIcon;
				ASSETCATALOG_COMPILER_GLOBAL_ACCENT_COLOR_NAME = AccentColor;
				CODE_SIGN_STYLE = Automatic;
				CURRENT_PROJECT_VERSION = 1;
				DEVELOPMENT_ASSET_PATHS = "\"KWK/Preview Content\"";
				ENABLE_PREVIEWS = YES;
				GENERATE_INFOPLIST_FILE = YES;
				INFOPLIST_KEY_UIApplicationSceneManifest_Generation = YES;
				INFOPLIST_KEY_UIApplicationSupportsIndirectInputEvents = YES;
				INFOPLIST_KEY_UILaunchScreen_Generation = YES;
				INFOPLIST_KEY_UISupportedInterfaceOrientations_iPad = "UIInterfaceOrientationPortrait UIInterfaceOrientationPortraitUpsideDown UIInterfaceOrientationLandscapeLeft UIInterfaceOrientationLandscapeRight";
				INFOPLIST_KEY_UISupportedInterfaceOrientations_iPhone = "UIInterfaceOrientationPortrait UIInterfaceOrientationLandscapeLeft UIInterfaceOrientationLandscapeRight";
				LD_RUNPATH_SEARCH_PATHS = (
					"$(inherited)",
					"@executable_path/Frameworks",
				);
				MARKETING_VERSION = 1.0;
				PRODUCT_BUNDLE_IDENTIFIER = KWK.KWK;
				PRODUCT_NAME = "$(TARGET_NAME)";
				SWIFT_EMIT_LOC_STRINGS = YES;
				SWIFT_VERSION = 5.0;
				TARGETED_DEVICE_FAMILY = "1,2";
			};
			name = Release;
		};
		8085A36B2A460F4100CCA9D8 /* Debug */ = {
			isa = XCBuildConfiguration;
			buildSettings = {
				ALWAYS_EMBED_SWIFT_STANDARD_LIBRARIES = YES;
				BUNDLE_LOADER = "$(TEST_HOST)";
				CODE_SIGN_STYLE = Automatic;
				CURRENT_PROJECT_VERSION = 1;
				GENERATE_INFOPLIST_FILE = YES;
				IPHONEOS_DEPLOYMENT_TARGET = 16.2;
				MARKETING_VERSION = 1.0;
				PRODUCT_BUNDLE_IDENTIFIER = KWK.KWKTests;
				PRODUCT_NAME = "$(TARGET_NAME)";
				SWIFT_EMIT_LOC_STRINGS = NO;
				SWIFT_VERSION = 5.0;
				TARGETED_DEVICE_FAMILY = "1,2";
				TEST_HOST = "$(BUILT_PRODUCTS_DIR)/KWK.app/$(BUNDLE_EXECUTABLE_FOLDER_PATH)/KWK";
			};
			name = Debug;
		};
		8085A36C2A460F4100CCA9D8 /* Release */ = {
			isa = XCBuildConfiguration;
			buildSettings = {
				ALWAYS_EMBED_SWIFT_STANDARD_LIBRARIES = YES;
				BUNDLE_LOADER = "$(TEST_HOST)";
				CODE_SIGN_STYLE = Automatic;
				CURRENT_PROJECT_VERSION = 1;
				GENERATE_INFOPLIST_FILE = YES;
				IPHONEOS_DEPLOYMENT_TARGET = 16.2;
				MARKETING_VERSION = 1.0;
				PRODUCT_BUNDLE_IDENTIFIER = KWK.KWKTests;
				PRODUCT_NAME = "$(TARGET_NAME)";
				SWIFT_EMIT_LOC_STRINGS = NO;
				SWIFT_VERSION = 5.0;
				TARGETED_DEVICE_FAMILY = "1,2";
				TEST_HOST = "$(BUILT_PRODUCTS_DIR)/KWK.app/$(BUNDLE_EXECUTABLE_FOLDER_PATH)/KWK";
			};
			name = Release;
		};
		8085A36E2A460F4100CCA9D8 /* Debug */ = {
			isa = XCBuildConfiguration;
			buildSettings = {
				ALWAYS_EMBED_SWIFT_STANDARD_LIBRARIES = YES;
				CODE_SIGN_STYLE = Automatic;
				CURRENT_PROJECT_VERSION = 1;
				GENERATE_INFOPLIST_FILE = YES;
				MARKETING_VERSION = 1.0;
				PRODUCT_BUNDLE_IDENTIFIER = KWK.KWKUITests;
				PRODUCT_NAME = "$(TARGET_NAME)";
				SWIFT_EMIT_LOC_STRINGS = NO;
				SWIFT_VERSION = 5.0;
				TARGETED_DEVICE_FAMILY = "1,2";
				TEST_TARGET_NAME = KWK;
			};
			name = Debug;
		};
		8085A36F2A460F4100CCA9D8 /* Release */ = {
			isa = XCBuildConfiguration;
			buildSettings = {
				ALWAYS_EMBED_SWIFT_STANDARD_LIBRARIES = YES;
				CODE_SIGN_STYLE = Automatic;
				CURRENT_PROJECT_VERSION = 1;
				GENERATE_INFOPLIST_FILE = YES;
				MARKETING_VERSION = 1.0;
				PRODUCT_BUNDLE_IDENTIFIER = KWK.KWKUITests;
				PRODUCT_NAME = "$(TARGET_NAME)";
				SWIFT_EMIT_LOC_STRINGS = NO;
				SWIFT_VERSION = 5.0;
				TARGETED_DEVICE_FAMILY = "1,2";
				TEST_TARGET_NAME = KWK;
			};
			name = Release;
		};
/* End XCBuildConfiguration section */

/* Begin XCConfigurationList section */
		8085A33E2A460F3F00CCA9D8 /* Build configuration list for PBXProject "KWK" */ = {
			isa = XCConfigurationList;
			buildConfigurations = (
				8085A3652A460F4100CCA9D8 /* Debug */,
				8085A3662A460F4100CCA9D8 /* Release */,
			);
			defaultConfigurationIsVisible = 0;
			defaultConfigurationName = Release;
		};
		8085A3672A460F4100CCA9D8 /* Build configuration list for PBXNativeTarget "KWK" */ = {
			isa = XCConfigurationList;
			buildConfigurations = (
				8085A3682A460F4100CCA9D8 /* Debug */,
				8085A3692A460F4100CCA9D8 /* Release */,
			);
			defaultConfigurationIsVisible = 0;
			defaultConfigurationName = Release;
		};
		8085A36A2A460F4100CCA9D8 /* Build configuration list for PBXNativeTarget "KWKTests" */ = {
			isa = XCConfigurationList;
			buildConfigurations = (
				8085A36B2A460F4100CCA9D8 /* Debug */,
				8085A36C2A460F4100CCA9D8 /* Release */,
			);
			defaultConfigurationIsVisible = 0;
			defaultConfigurationName = Release;
		};
		8085A36D2A460F4100CCA9D8 /* Build configuration list for PBXNativeTarget "KWKUITests" */ = {
			isa = XCConfigurationList;
			buildConfigurations = (
				8085A36E2A460F4100CCA9D8 /* Debug */,
				8085A36F2A460F4100CCA9D8 /* Release */,
			);
			defaultConfigurationIsVisible = 0;
			defaultConfigurationName = Release;
		};
/* End XCConfigurationList section */
	};
	rootObject = 8085A33B2A460F3F00CCA9D8 /* Project object */;
}
